// !$*UTF8*$!
{
	archiveVersion = 1;
	classes = {
	};
	objectVersion = 55;
	objects = {

/* Begin PBXBuildFile section */
		722959952CCB6A210094ABFD /* ic_favicon.png in Resources */ = {isa = PBXBuildFile; fileRef = 722959942CCB6A210094ABFD /* ic_favicon.png */; };
		727DFC312CCA8F9900C1B41D /* DemoAppProjectApp.swift in Sources */ = {isa = PBXBuildFile; fileRef = 727DFC302CCA8F9900C1B41D /* DemoAppProjectApp.swift */; };
		727DFC332CCA8F9900C1B41D /* ContentView.swift in Sources */ = {isa = PBXBuildFile; fileRef = 727DFC322CCA8F9900C1B41D /* ContentView.swift */; };
		727DFC352CCA8F9D00C1B41D /* Assets.xcassets in Resources */ = {isa = PBXBuildFile; fileRef = 727DFC342CCA8F9D00C1B41D /* Assets.xcassets */; };
		727DFC382CCA8F9D00C1B41D /* Preview Assets.xcassets in Resources */ = {isa = PBXBuildFile; fileRef = 727DFC372CCA8F9D00C1B41D /* Preview Assets.xcassets */; };
		727DFC402CCA902D00C1B41D /* AyncImageView.swift in Sources */ = {isa = PBXBuildFile; fileRef = 727DFC3F2CCA902D00C1B41D /* AyncImageView.swift */; };
		727DFC432CCA903C00C1B41D /* ImageModel.swift in Sources */ = {isa = PBXBuildFile; fileRef = 727DFC422CCA903C00C1B41D /* ImageModel.swift */; };
		727DFC462CCA904800C1B41D /* ImageViewModel.swift in Sources */ = {isa = PBXBuildFile; fileRef = 727DFC452CCA904800C1B41D /* ImageViewModel.swift */; };
		727DFC492CCA94E900C1B41D /* README.md in Resources */ = {isa = PBXBuildFile; fileRef = 727DFC482CCA94E900C1B41D /* README.md */; };
		727DFC4B2CCAB5F100C1B41D /* ConstantFile.swift in Sources */ = {isa = PBXBuildFile; fileRef = 727DFC4A2CCAB5F100C1B41D /* ConstantFile.swift */; };
/* End PBXBuildFile section */

/* Begin PBXFileReference section */
		722959942CCB6A210094ABFD /* ic_favicon.png */ = {isa = PBXFileReference; lastKnownFileType = image.png; path = ic_favicon.png; sourceTree = "<group>"; };
		727DFC2D2CCA8F9900C1B41D /* DemoAppProject.app */ = {isa = PBXFileReference; explicitFileType = wrapper.application; includeInIndex = 0; path = DemoAppProject.app; sourceTree = BUILT_PRODUCTS_DIR; };
		727DFC302CCA8F9900C1B41D /* DemoAppProjectApp.swift */ = {isa = PBXFileReference; lastKnownFileType = sourcecode.swift; path = DemoAppProjectApp.swift; sourceTree = "<group>"; };
		727DFC322CCA8F9900C1B41D /* ContentView.swift */ = {isa = PBXFileReference; lastKnownFileType = sourcecode.swift; path = ContentView.swift; sourceTree = "<group>"; };
		727DFC342CCA8F9D00C1B41D /* Assets.xcassets */ = {isa = PBXFileReference; lastKnownFileType = folder.assetcatalog; path = Assets.xcassets; sourceTree = "<group>"; };
		727DFC372CCA8F9D00C1B41D /* Preview Assets.xcassets */ = {isa = PBXFileReference; lastKnownFileType = folder.assetcatalog; path = "Preview Assets.xcassets"; sourceTree = "<group>"; };
		727DFC3F2CCA902D00C1B41D /* AyncImageView.swift */ = {isa = PBXFileReference; fileEncoding = 4; lastKnownFileType = sourcecode.swift; path = AyncImageView.swift; sourceTree = "<group>"; };
		727DFC422CCA903C00C1B41D /* ImageModel.swift */ = {isa = PBXFileReference; fileEncoding = 4; lastKnownFileType = sourcecode.swift; path = ImageModel.swift; sourceTree = "<group>"; };
		727DFC452CCA904800C1B41D /* ImageViewModel.swift */ = {isa = PBXFileReference; fileEncoding = 4; lastKnownFileType = sourcecode.swift; path = ImageViewModel.swift; sourceTree = "<group>"; };
		727DFC472CCA90CB00C1B41D /* Info.plist */ = {isa = PBXFileReference; lastKnownFileType = text.plist; path = Info.plist; sourceTree = "<group>"; };
		727DFC482CCA94E900C1B41D /* README.md */ = {isa = PBXFileReference; lastKnownFileType = net.daringfireball.markdown; path = README.md; sourceTree = "<group>"; };
		727DFC4A2CCAB5F100C1B41D /* ConstantFile.swift */ = {isa = PBXFileReference; lastKnownFileType = sourcecode.swift; path = ConstantFile.swift; sourceTree = "<group>"; };
/* End PBXFileReference section */

/* Begin PBXFrameworksBuildPhase section */
		727DFC2A2CCA8F9900C1B41D /* Frameworks */ = {
			isa = PBXFrameworksBuildPhase;
			buildActionMask = 2147483647;
			files = (
			);
			runOnlyForDeploymentPostprocessing = 0;
		};
/* End PBXFrameworksBuildPhase section */

/* Begin PBXGroup section */
		727DFC242CCA8F9900C1B41D = {
			isa = PBXGroup;
			children = (
				727DFC482CCA94E900C1B41D /* README.md */,
				727DFC2F2CCA8F9900C1B41D /* DemoAppProject */,
				727DFC2E2CCA8F9900C1B41D /* Products */,
			);
			sourceTree = "<group>";
		};
		727DFC2E2CCA8F9900C1B41D /* Products */ = {
			isa = PBXGroup;
			children = (
				727DFC2D2CCA8F9900C1B41D /* DemoAppProject.app */,
			);
			name = Products;
			sourceTree = "<group>";
		};
		727DFC2F2CCA8F9900C1B41D /* DemoAppProject */ = {
			isa = PBXGroup;
			children = (
				727DFC472CCA90CB00C1B41D /* Info.plist */,
				727DFC302CCA8F9900C1B41D /* DemoAppProjectApp.swift */,
				727DFC322CCA8F9900C1B41D /* ContentView.swift */,
				727DFC412CCA903C00C1B41D /* Model */,
				727DFC3E2CCA902D00C1B41D /* Helper */,
				727DFC442CCA904800C1B41D /* ViewModel */,
				727DFC342CCA8F9D00C1B41D /* Assets.xcassets */,
				722959942CCB6A210094ABFD /* ic_favicon.png */,
				727DFC362CCA8F9D00C1B41D /* Preview Content */,
				727DFC4A2CCAB5F100C1B41D /* ConstantFile.swift */,
			);
			path = DemoAppProject;
			sourceTree = "<group>";
		};
		727DFC362CCA8F9D00C1B41D /* Preview Content */ = {
			isa = PBXGroup;
			children = (
				727DFC372CCA8F9D00C1B41D /* Preview Assets.xcassets */,
			);
			path = "Preview Content";
			sourceTree = "<group>";
		};
		727DFC3E2CCA902D00C1B41D /* Helper */ = {
			isa = PBXGroup;
			children = (
				727DFC3F2CCA902D00C1B41D /* AyncImageView.swift */,
			);
			path = Helper;
			sourceTree = "<group>";
		};
		727DFC412CCA903C00C1B41D /* Model */ = {
			isa = PBXGroup;
			children = (
				727DFC422CCA903C00C1B41D /* ImageModel.swift */,
			);
			path = Model;
			sourceTree = "<group>";
		};
		727DFC442CCA904800C1B41D /* ViewModel */ = {
			isa = PBXGroup;
			children = (
				727DFC452CCA904800C1B41D /* ImageViewModel.swift */,
			);
			path = ViewModel;
			sourceTree = "<group>";
		};
/* End PBXGroup section */

/* Begin PBXNativeTarget section */
		727DFC2C2CCA8F9900C1B41D /* DemoAppProject */ = {
			isa = PBXNativeTarget;
			buildConfigurationList = 727DFC3B2CCA8F9D00C1B41D /* Build configuration list for PBXNativeTarget "DemoAppProject" */;
			buildPhases = (
				727DFC292CCA8F9900C1B41D /* Sources */,
				727DFC2A2CCA8F9900C1B41D /* Frameworks */,
				727DFC2B2CCA8F9900C1B41D /* Resources */,
			);
			buildRules = (
			);
			dependencies = (
			);
			name = DemoAppProject;
			productName = DemoAppProject;
			productReference = 727DFC2D2CCA8F9900C1B41D /* DemoAppProject.app */;
			productType = "com.apple.product-type.application";
		};
/* End PBXNativeTarget section */

/* Begin PBXProject section */
		727DFC252CCA8F9900C1B41D /* Project object */ = {
			isa = PBXProject;
			attributes = {
				BuildIndependentTargetsInParallel = 1;
				LastSwiftUpdateCheck = 1300;
				LastUpgradeCheck = 1300;
				TargetAttributes = {
					727DFC2C2CCA8F9900C1B41D = {
						CreatedOnToolsVersion = 13.0;
					};
				};
			};
			buildConfigurationList = 727DFC282CCA8F9900C1B41D /* Build configuration list for PBXProject "DemoAppProject" */;
			compatibilityVersion = "Xcode 13.0";
			developmentRegion = en;
			hasScannedForEncodings = 0;
			knownRegions = (
				en,
				Base,
			);
			mainGroup = 727DFC242CCA8F9900C1B41D;
			productRefGroup = 727DFC2E2CCA8F9900C1B41D /* Products */;
			projectDirPath = "";
			projectRoot = "";
			targets = (
				727DFC2C2CCA8F9900C1B41D /* DemoAppProject */,
			);
		};
/* End PBXProject section */

/* Begin PBXResourcesBuildPhase section */
		727DFC2B2CCA8F9900C1B41D /* Resources */ = {
			isa = PBXResourcesBuildPhase;
			buildActionMask = 2147483647;
			files = (
				727DFC492CCA94E900C1B41D /* README.md in Resources */,
				727DFC382CCA8F9D00C1B41D /* Preview Assets.xcassets in Resources */,
				722959952CCB6A210094ABFD /* ic_favicon.png in Resources */,
				727DFC352CCA8F9D00C1B41D /* Assets.xcassets in Resources */,
			);
			runOnlyForDeploymentPostprocessing = 0;
		};
/* End PBXResourcesBuildPhase section */

/* Begin PBXSourcesBuildPhase section */
		727DFC292CCA8F9900C1B41D /* Sources */ = {
			isa = PBXSourcesBuildPhase;
			buildActionMask = 2147483647;
			files = (
				727DFC332CCA8F9900C1B41D /* ContentView.swift in Sources */,
				727DFC462CCA904800C1B41D /* ImageViewModel.swift in Sources */,
				727DFC402CCA902D00C1B41D /* AyncImageView.swift in Sources */,
				727DFC312CCA8F9900C1B41D /* DemoAppProjectApp.swift in Sources */,
				727DFC432CCA903C00C1B41D /* ImageModel.swift in Sources */,
				727DFC4B2CCAB5F100C1B41D /* ConstantFile.swift in Sources */,
			);
			runOnlyForDeploymentPostprocessing = 0;
		};
/* End PBXSourcesBuildPhase section */

/* Begin XCBuildConfiguration section */
		727DFC392CCA8F9D00C1B41D /* Debug */ = {
			isa = XCBuildConfiguration;
			buildSettings = {
				ALWAYS_SEARCH_USER_PATHS = NO;
				CLANG_ANALYZER_NONNULL = YES;
				CLANG_ANALYZER_NUMBER_OBJECT_CONVERSION = YES_AGGRESSIVE;
				CLANG_CXX_LANGUAGE_STANDARD = "gnu++17";
				CLANG_CXX_LIBRARY = "libc++";
				CLANG_ENABLE_MODULES = YES;
				CLANG_ENABLE_OBJC_ARC = YES;
				CLANG_ENABLE_OBJC_WEAK = YES;
				CLANG_WARN_BLOCK_CAPTURE_AUTORELEASING = YES;
				CLANG_WARN_BOOL_CONVERSION = YES;
				CLANG_WARN_COMMA = YES;
				CLANG_WARN_CONSTANT_CONVERSION = YES;
				CLANG_WARN_DEPRECATED_OBJC_IMPLEMENTATIONS = YES;
				CLANG_WARN_DIRECT_OBJC_ISA_USAGE = YES_ERROR;
				CLANG_WARN_DOCUMENTATION_COMMENTS = YES;
				CLANG_WARN_EMPTY_BODY = YES;
				CLANG_WARN_ENUM_CONVERSION = YES;
				CLANG_WARN_INFINITE_RECURSION = YES;
				CLANG_WARN_INT_CONVERSION = YES;
				CLANG_WARN_NON_LITERAL_NULL_CONVERSION = YES;
				CLANG_WARN_OBJC_IMPLICIT_RETAIN_SELF = YES;
				CLANG_WARN_OBJC_LITERAL_CONVERSION = YES;
				CLANG_WARN_OBJC_ROOT_CLASS = YES_ERROR;
				CLANG_WARN_QUOTED_INCLUDE_IN_FRAMEWORK_HEADER = YES;
				CLANG_WARN_RANGE_LOOP_ANALYSIS = YES;
				CLANG_WARN_STRICT_PROTOTYPES = YES;
				CLANG_WARN_SUSPICIOUS_MOVE = YES;
				CLANG_WARN_UNGUARDED_AVAILABILITY = YES_AGGRESSIVE;
				CLANG_WARN_UNREACHABLE_CODE = YES;
				CLANG_WARN__DUPLICATE_METHOD_MATCH = YES;
				COPY_PHASE_STRIP = NO;
				DEBUG_INFORMATION_FORMAT = dwarf;
				ENABLE_STRICT_OBJC_MSGSEND = YES;
				ENABLE_TESTABILITY = YES;
				GCC_C_LANGUAGE_STANDARD = gnu11;
				GCC_DYNAMIC_NO_PIC = NO;
				GCC_NO_COMMON_BLOCKS = YES;
				GCC_OPTIMIZATION_LEVEL = 0;
				GCC_PREPROCESSOR_DEFINITIONS = (
					"DEBUG=1",
					"$(inherited)",
				);
				GCC_WARN_64_TO_32_BIT_CONVERSION = YES;
				GCC_WARN_ABOUT_RETURN_TYPE = YES_ERROR;
				GCC_WARN_UNDECLARED_SELECTOR = YES;
				GCC_WARN_UNINITIALIZED_AUTOS = YES_AGGRESSIVE;
				GCC_WARN_UNUSED_FUNCTION = YES;
				GCC_WARN_UNUSED_VARIABLE = YES;
				IPHONEOS_DEPLOYMENT_TARGET = 15.0;
				MTL_ENABLE_DEBUG_INFO = INCLUDE_SOURCE;
				MTL_FAST_MATH = YES;
				ONLY_ACTIVE_ARCH = YES;
				SDKROOT = iphoneos;
				SWIFT_ACTIVE_COMPILATION_CONDITIONS = DEBUG;
				SWIFT_OPTIMIZATION_LEVEL = "-Onone";
			};
			name = Debug;
		};
		727DFC3A2CCA8F9D00C1B41D /* Release */ = {
			isa = XCBuildConfiguration;
			buildSettings = {
				ALWAYS_SEARCH_USER_PATHS = NO;
				CLANG_ANALYZER_NONNULL = YES;
				CLANG_ANALYZER_NUMBER_OBJECT_CONVERSION = YES_AGGRESSIVE;
				CLANG_CXX_LANGUAGE_STANDARD = "gnu++17";
				CLANG_CXX_LIBRARY = "libc++";
				CLANG_ENABLE_MODULES = YES;
				CLANG_ENABLE_OBJC_ARC = YES;
				CLANG_ENABLE_OBJC_WEAK = YES;
				CLANG_WARN_BLOCK_CAPTURE_AUTORELEASING = YES;
				CLANG_WARN_BOOL_CONVERSION = YES;
				CLANG_WARN_COMMA = YES;
				CLANG_WARN_CONSTANT_CONVERSION = YES;
				CLANG_WARN_DEPRECATED_OBJC_IMPLEMENTATIONS = YES;
				CLANG_WARN_DIRECT_OBJC_ISA_USAGE = YES_ERROR;
				CLANG_WARN_DOCUMENTATION_COMMENTS = YES;
				CLANG_WARN_EMPTY_BODY = YES;
				CLANG_WARN_ENUM_CONVERSION = YES;
				CLANG_WARN_INFINITE_RECURSION = YES;
				CLANG_WARN_INT_CONVERSION = YES;
				CLANG_WARN_NON_LITERAL_NULL_CONVERSION = YES;
				CLANG_WARN_OBJC_IMPLICIT_RETAIN_SELF = YES;
				CLANG_WARN_OBJC_LITERAL_CONVERSION = YES;
				CLANG_WARN_OBJC_ROOT_CLASS = YES_ERROR;
				CLANG_WARN_QUOTED_INCLUDE_IN_FRAMEWORK_HEADER = YES;
				CLANG_WARN_RANGE_LOOP_ANALYSIS = YES;
				CLANG_WARN_STRICT_PROTOTYPES = YES;
				CLANG_WARN_SUSPICIOUS_MOVE = YES;
				CLANG_WARN_UNGUARDED_AVAILABILITY = YES_AGGRESSIVE;
				CLANG_WARN_UNREACHABLE_CODE = YES;
				CLANG_WARN__DUPLICATE_METHOD_MATCH = YES;
				COPY_PHASE_STRIP = NO;
				DEBUG_INFORMATION_FORMAT = "dwarf-with-dsym";
				ENABLE_NS_ASSERTIONS = NO;
				ENABLE_STRICT_OBJC_MSGSEND = YES;
				GCC_C_LANGUAGE_STANDARD = gnu11;
				GCC_NO_COMMON_BLOCKS = YES;
				GCC_WARN_64_TO_32_BIT_CONVERSION = YES;
				GCC_WARN_ABOUT_RETURN_TYPE = YES_ERROR;
				GCC_WARN_UNDECLARED_SELECTOR = YES;
				GCC_WARN_UNINITIALIZED_AUTOS = YES_AGGRESSIVE;
				GCC_WARN_UNUSED_FUNCTION = YES;
				GCC_WARN_UNUSED_VARIABLE = YES;
				IPHONEOS_DEPLOYMENT_TARGET = 15.0;
				MTL_ENABLE_DEBUG_INFO = NO;
				MTL_FAST_MATH = YES;
				SDKROOT = iphoneos;
				SWIFT_COMPILATION_MODE = wholemodule;
				SWIFT_OPTIMIZATION_LEVEL = "-O";
				VALIDATE_PRODUCT = YES;
			};
			name = Release;
		};
		727DFC3C2CCA8F9D00C1B41D /* Debug */ = {
			isa = XCBuildConfiguration;
			buildSettings = {
				ASSETCATALOG_COMPILER_APPICON_NAME = AppIcon;
				ASSETCATALOG_COMPILER_GLOBAL_ACCENT_COLOR_NAME = AccentColor;
				CODE_SIGN_STYLE = Automatic;
				CURRENT_PROJECT_VERSION = 1;
				DEVELOPMENT_ASSET_PATHS = "\"DemoAppProject/Preview Content\"";
				ENABLE_PREVIEWS = YES;
				GENERATE_INFOPLIST_FILE = YES;
				INFOPLIST_FILE = DemoAppProject/Info.plist;
				INFOPLIST_KEY_UIApplicationSceneManifest_Generation = YES;
				INFOPLIST_KEY_UIApplicationSupportsIndirectInputEvents = YES;
				INFOPLIST_KEY_UILaunchScreen_Generation = YES;
				INFOPLIST_KEY_UISupportedInterfaceOrientations_iPad = "UIInterfaceOrientationPortrait UIInterfaceOrientationPortraitUpsideDown UIInterfaceOrientationLandscapeLeft UIInterfaceOrientationLandscapeRight";
				INFOPLIST_KEY_UISupportedInterfaceOrientations_iPhone = "UIInterfaceOrientationPortrait UIInterfaceOrientationLandscapeLeft UIInterfaceOrientationLandscapeRight";
				IPHONEOS_DEPLOYMENT_TARGET = 14.0;
				LD_RUNPATH_SEARCH_PATHS = (
					"$(inherited)",
					"@executable_path/Frameworks",
				);
				MARKETING_VERSION = 1.0;
				PRODUCT_BUNDLE_IDENTIFIER = SampleProtocol.DemoAppProject;
				PRODUCT_NAME = "$(TARGET_NAME)";
				SWIFT_EMIT_LOC_STRINGS = YES;
				SWIFT_VERSION = 5.0;
				TARGETED_DEVICE_FAMILY = "1,2";
			};
			name = Debug;
		};
		727DFC3D2CCA8F9D00C1B41D /* Release */ = {
			isa = XCBuildConfiguration;
			buildSettings = {
				ASSETCATALOG_COMPILER_APPICON_NAME = AppIcon;
				ASSETCATALOG_COMPILER_GLOBAL_ACCENT_COLOR_NAME = AccentColor;
				CODE_SIGN_STYLE = Automatic;
				CURRENT_PROJECT_VERSION = 1;
				DEVELOPMENT_ASSET_PATHS = "\"DemoAppProject/Preview Content\"";
				ENABLE_PREVIEWS = YES;
				GENERATE_INFOPLIST_FILE = YES;
				INFOPLIST_FILE = DemoAppProject/Info.plist;
				INFOPLIST_KEY_UIApplicationSceneManifest_Generation = YES;
				INFOPLIST_KEY_UIApplicationSupportsIndirectInputEvents = YES;
				INFOPLIST_KEY_UILaunchScreen_Generation = YES;
				INFOPLIST_KEY_UISupportedInterfaceOrientations_iPad = "UIInterfaceOrientationPortrait UIInterfaceOrientationPortraitUpsideDown UIInterfaceOrientationLandscapeLeft UIInterfaceOrientationLandscapeRight";
				INFOPLIST_KEY_UISupportedInterfaceOrientations_iPhone = "UIInterfaceOrientationPortrait UIInterfaceOrientationLandscapeLeft UIInterfaceOrientationLandscapeRight";
				IPHONEOS_DEPLOYMENT_TARGET = 14.0;
				LD_RUNPATH_SEARCH_PATHS = (
					"$(inherited)",
					"@executable_path/Frameworks",
				);
				MARKETING_VERSION = 1.0;
				PRODUCT_BUNDLE_IDENTIFIER = SampleProtocol.DemoAppProject;
				PRODUCT_NAME = "$(TARGET_NAME)";
				SWIFT_EMIT_LOC_STRINGS = YES;
				SWIFT_VERSION = 5.0;
				TARGETED_DEVICE_FAMILY = "1,2";
			};
			name = Release;
		};
/* End XCBuildConfiguration section */

/* Begin XCConfigurationList section */
		727DFC282CCA8F9900C1B41D /* Build configuration list for PBXProject "DemoAppProject" */ = {
			isa = XCConfigurationList;
			buildConfigurations = (
				727DFC392CCA8F9D00C1B41D /* Debug */,
				727DFC3A2CCA8F9D00C1B41D /* Release */,
			);
			defaultConfigurationIsVisible = 0;
			defaultConfigurationName = Release;
		};
		727DFC3B2CCA8F9D00C1B41D /* Build configuration list for PBXNativeTarget "DemoAppProject" */ = {
			isa = XCConfigurationList;
			buildConfigurations = (
				727DFC3C2CCA8F9D00C1B41D /* Debug */,
				727DFC3D2CCA8F9D00C1B41D /* Release */,
			);
			defaultConfigurationIsVisible = 0;
			defaultConfigurationName = Release;
		};
/* End XCConfigurationList section */
	};
	rootObject = 727DFC252CCA8F9900C1B41D /* Project object */;
}
